
Microsoft Visual Studio Solution File, Format Version 12.00
# Visual Studio Version 17
VisualStudioVersion = 17.5.002.0
MinimumVisualStudioVersion = 10.0.40219.1
Project("{9A19103F-16F7-4668-BE54-9A1E7A4F7556}") = "Quiz", "Quiz.csproj", "{F3E09473-59EC-4017-942B-18E859635038}"
EndProject
Global
	GlobalSection(SolutionConfigurationPlatforms) = preSolution
		Debug|Any CPU = Debug|Any CPU
		Release|Any CPU = Release|Any CPU
	EndGlobalSection
	GlobalSection(ProjectConfigurationPlatforms) = postSolution
		{F3E09473-59EC-4017-942B-18E859635038}.Debug|Any CPU.ActiveCfg = Debug|Any CPU
		{F3E09473-59EC-4017-942B-18E859635038}.Debug|Any CPU.Build.0 = Debug|Any CPU
		{F3E09473-59EC-4017-942B-18E859635038}.Release|Any CPU.ActiveCfg = Release|Any CPU
		{F3E09473-59EC-4017-942B-18E859635038}.Release|Any CPU.Build.0 = Release|Any CPU
	EndGlobalSection
	GlobalSection(SolutionProperties) = preSolution
		HideSolutionNode = FALSE
	EndGlobalSection
	GlobalSection(ExtensibilityGlobals) = postSolution
		SolutionGuid = {DC65936A-DFE6-4490-BAB4-CE608DC56EED}
	EndGlobalSection
EndGlobal
